# THIS IS AN AUTOGENERATED FILE. DO NOT EDIT THIS FILE DIRECTLY.
# yarn lockfile v1


"@types/prop-types@*":
  version "15.7.3"
  resolved "https://registry.yarnpkg.com/@types/prop-types/-/prop-types-15.7.3.tgz#2ab0d5da2e5815f94b0b9d4b95d1e5f243ab2ca7"
  integrity sha512-KfRL3PuHmqQLOG+2tGpRO26Ctg+Cq1E01D2DMriKEATHgWLfeNDmq9e29Q9WIky0dQ3NPkd1mzYH8Lm936Z9qw==

"@types/react@^16.9.49":
  version "16.9.49"
  resolved "https://registry.yarnpkg.com/@types/react/-/react-16.9.49.tgz#09db021cf8089aba0cdb12a49f8021a69cce4872"
  integrity sha512-DtLFjSj0OYAdVLBbyjhuV9CdGVHCkHn2R+xr3XkBvK2rS1Y1tkc14XSGjYgm5Fjjr90AxH9tiSzc1pCFMGO06g==
  dependencies:
    "@types/prop-types" "*"
    csstype "^3.0.2"

abbrev@1:
  version "1.1.1"
  resolved "https://registry.yarnpkg.com/abbrev/-/abbrev-1.1.1.tgz#f8f2c887ad10bf67f634f005b6987fed3179aac8"
  integrity sha512-nne9/IiQ/hzIhY6pdDnbBtz7DjPTKrY00P/zvPSm5pOFkl6xuGrGnXn/VtTNNfNtAfZ9/1RtehkszU9qcTii0Q==

async@0.1.22:
  version "0.1.22"
  resolved "https://registry.yarnpkg.com/async/-/async-0.1.22.tgz#0fc1aaa088a0e3ef0ebe2d8831bab0dcf8845061"
  integrity sha1-D8GqoIig4+8Ovi2IMbqw3PiEUGE=

balanced-match@^1.0.0:
  version "1.0.0"
  resolved "https://registry.yarnpkg.com/balanced-match/-/balanced-match-1.0.0.tgz#89b4d199ab2bee49de164ea02b89ce462d71b767"
  integrity sha1-ibTRmasr7kneFk6gK4nORi1xt2c=

brace-expansion@^1.1.7:
  version "1.1.11"
  resolved "https://registry.yarnpkg.com/brace-expansion/-/brace-expansion-1.1.11.tgz#3c7fcbf529d87226f3d2f52b966ff5271eb441dd"
  integrity sha512-iCuPHDFgrHX7H2vEI/5xpz07zSHB00TpugqhmYtVmMO6518mCuRMoOYFldEBl0g187ufozdaHgWKcYFb61qGiA==
  dependencies:
    balanced-match "^1.0.0"
    concat-map "0.0.1"

catharsis@0.5.6:
  version "0.5.6"
  resolved "https://registry.yarnpkg.com/catharsis/-/catharsis-0.5.6.tgz#210a0cfa23c5d09fa994d6fafe1a76383c170cbb"
  integrity sha1-IQoM+iPF0J+plNb6/hp2ODwXDLs=

cli@0.4.3:
  version "0.4.3"
  resolved "https://registry.yarnpkg.com/cli/-/cli-0.4.3.tgz#e6819c8d5faa957f64f98f66a8506268c1d1f17d"
  integrity sha1-5oGcjV+qlX9k+Y9mqFBiaMHR8X0=
  dependencies:
    glob ">= 3.1.4"

concat-map@0.0.1:
  version "0.0.1"
  resolved "https://registry.yarnpkg.com/concat-map/-/concat-map-0.0.1.tgz#d8a96bd77fd68df7793a73036a3ba0d5405d477b"
  integrity sha1-2Klr13/Wjfd5OnMDajug1UBdR3s=

"crypto-browserify@git+https://github.com/dominictarr/crypto-browserify.git#95c5d505":
  version "0.1.1"
  resolved "git+https://github.com/dominictarr/crypto-browserify.git#95c5d50581ce0b4fff6e76e45dc0bb3622be4e9a"

csstype@^3.0.2:
  version "3.0.3"
  resolved "https://registry.yarnpkg.com/csstype/-/csstype-3.0.3.tgz#2b410bbeba38ba9633353aff34b05d9755d065f8"
  integrity sha512-jPl+wbWPOWJ7SXsWyqGRk3lGecbar0Cb0OvZF/r/ZU011R4YqiRehgkQ9p4eQfo9DSDLqLL3wHwfxeJiuIsNag==

fs.realpath@^1.0.0:
  version "1.0.0"
  resolved "https://registry.yarnpkg.com/fs.realpath/-/fs.realpath-1.0.0.tgz#1504ad2523158caa40db4a2787cb01411994ea4f"
  integrity sha1-FQStJSMVjKpA20onh8sBQRmU6k8=

"glob@>= 3.1.4":
  version "7.1.6"
  resolved "https://registry.yarnpkg.com/glob/-/glob-7.1.6.tgz#141f33b81a7c2492e125594307480c46679278a6"
  integrity sha512-LwaxwyZ72Lk7vZINtNNrywX0ZuLyStrdDtabefZKAY5ZGJhVtgdznluResxNmPitE0SAO+O26sWTHeKSI2wMBA==
  dependencies:
    fs.realpath "^1.0.0"
    inflight "^1.0.4"
    inherits "2"
    minimatch "^3.0.4"
    once "^1.3.0"
    path-is-absolute "^1.0.0"

inflight@^1.0.4:
  version "1.0.6"
  resolved "https://registry.yarnpkg.com/inflight/-/inflight-1.0.6.tgz#49bd6331d7d02d0c09bc910a1075ba8165b56df9"
  integrity sha1-Sb1jMdfQLQwJvJEKEHW6gWW1bfk=
  dependencies:
    once "^1.3.0"
    wrappy "1"

inherits@2:
  version "2.0.4"
  resolved "https://registry.yarnpkg.com/inherits/-/inherits-2.0.4.tgz#0fa2c64f932917c3433a0ded55363aae37416b7c"
  integrity sha512-k/vGaX4/Yla3WzyMCvTQOXYeIHvqOKtnqBduzTHpzpQZzAskKMhZ2K+EnBiSM9zGSoIFeMpXKxa4dYeZIQqewQ==

"js-tokens@^3.0.0 || ^4.0.0":
  version "4.0.0"
  resolved "https://registry.yarnpkg.com/js-tokens/-/js-tokens-4.0.0.tgz#19203fb59991df98e3a287050d4647cdeaf32499"
  integrity sha512-RdJUflcE3cUzKiMqQgsCu06FPu9UdIJO0beYbPhHN4k6apgJtifcoCtT9bcxOpYBtpD2kCM6Sbzg4CausW/PKQ==

js2xmlparser@0.1.0:
  version "0.1.0"
  resolved "https://registry.yarnpkg.com/js2xmlparser/-/js2xmlparser-0.1.0.tgz#1b04d67b3f793b0e3b46faf6ea9c4ef6d9e7f162"
  integrity sha1-GwTWez95Ow47Rvr26pxO9tnn8WI=

jsdoc@3.2.0:
  version "3.2.0"
  resolved "https://registry.yarnpkg.com/jsdoc/-/jsdoc-3.2.0.tgz#6f389ecf88b5f12662c51dde2998f52641780bc4"
  integrity sha1-bziez4i18SZixR3eKZj1JkF4C8Q=
  dependencies:
    async "0.1.22"
    catharsis "0.5.6"
    crypto-browserify "git+https://github.com/dominictarr/crypto-browserify.git#95c5d505"
    js2xmlparser "0.1.0"
    jshint "0.9.1"
    markdown "git+https://github.com/jsdoc3/markdown-js.git"
    marked "0.2.8"
    taffydb "git+https://github.com/hegemonic/taffydb.git"
    underscore "1.4.2"
    wrench "1.3.9"

jshint@0.9.1:
  version "0.9.1"
  resolved "https://registry.yarnpkg.com/jshint/-/jshint-0.9.1.tgz#ff32ec7f09f84001f7498eeafd63c9e4fbb2dc0e"
  integrity sha1-/zLsfwn4QAH3SY7q/WPJ5Puy3A4=
  dependencies:
    cli "0.4.3"
    minimatch "0.0.x"

loose-envify@^1.1.0, loose-envify@^1.4.0:
  version "1.4.0"
  resolved "https://registry.yarnpkg.com/loose-envify/-/loose-envify-1.4.0.tgz#71ee51fa7be4caec1a63839f7e682d8132d30caf"
  integrity sha512-lyuxPGr/Wfhrlem2CL/UcnUc1zcqKAImBDzukY7Y5F/yQiNdko6+fRLevlw1HgMySw7f611UIY408EtxRSoK3Q==
  dependencies:
    js-tokens "^3.0.0 || ^4.0.0"

lru-cache@~1.0.2:
  version "1.0.6"
  resolved "https://registry.yarnpkg.com/lru-cache/-/lru-cache-1.0.6.tgz#aa50f97047422ac72543bda177a9c9d018d98452"
  integrity sha1-qlD5cEdCKsclQ72hd6nJ0BjZhFI=

"markdown@git+https://github.com/jsdoc3/markdown-js.git":
  version "0.4.0"
  resolved "git+https://github.com/jsdoc3/markdown-js.git#0050c46a97d084a3cf8e42bc158be6570b94c6e6"
  dependencies:
    nopt "1"

marked@0.2.8:
  version "0.2.8"
  resolved "https://registry.yarnpkg.com/marked/-/marked-0.2.8.tgz#dddbcc38ed8182b680aaf9d7cebbe7b624976071"
  integrity sha1-3dvMOO2BgraAqvnXzrvntiSXYHE=

minimatch@0.0.x:
  version "0.0.5"
  resolved "https://registry.yarnpkg.com/minimatch/-/minimatch-0.0.5.tgz#96bb490bbd3ba6836bbfac111adf75301b1584de"
  integrity sha1-lrtJC707poNrv6wRGt91MBsVhN4=
  dependencies:
    lru-cache "~1.0.2"

minimatch@^3.0.4:
  version "3.0.4"
  resolved "https://registry.yarnpkg.com/minimatch/-/minimatch-3.0.4.tgz#5166e286457f03306064be5497e8dbb0c3d32083"
  integrity sha512-yJHVQEhyqPLUTgt9B83PXu6W3rx4MvvHvSUvToogpwoGDOUQ+yDrR0HRot+yOCdCO7u4hX3pWft6kWBBcqh0UA==
  dependencies:
    brace-expansion "^1.1.7"

minimist@~0.0.1:
  version "0.0.10"
  resolved "https://registry.yarnpkg.com/minimist/-/minimist-0.0.10.tgz#de3f98543dbf96082be48ad1a0c7cda836301dcf"
  integrity sha1-3j+YVD2/lggr5IrRoMfNqDYwHc8=

nopt@1:
  version "1.0.10"
  resolved "https://registry.yarnpkg.com/nopt/-/nopt-1.0.10.tgz#6ddd21bd2a31417b92727dd585f8a6f37608ebee"
  integrity sha1-bd0hvSoxQXuScn3Vhfim83YI6+4=
  dependencies:
    abbrev "1"

object-assign@^4.1.1:
  version "4.1.1"
  resolved "https://registry.yarnpkg.com/object-assign/-/object-assign-4.1.1.tgz#2109adc7965887cfc05cbbd442cac8bfbb360863"
  integrity sha1-IQmtx5ZYh8/AXLvUQsrIv7s2CGM=

once@^1.3.0:
  version "1.4.0"
  resolved "https://registry.yarnpkg.com/once/-/once-1.4.0.tgz#583b1aa775961d4b113ac17d9c50baef9dd76bd1"
  integrity sha1-WDsap3WWHUsROsF9nFC6753Xa9E=
  dependencies:
    wrappy "1"

optimist@0.6.0:
  version "0.6.0"
  resolved "https://registry.yarnpkg.com/optimist/-/optimist-0.6.0.tgz#69424826f3405f79f142e6fc3d9ae58d4dbb9200"
  integrity sha1-aUJIJvNAX3nxQub8PZrljU27kgA=
  dependencies:
    minimist "~0.0.1"
    wordwrap "~0.0.2"

path-is-absolute@^1.0.0:
  version "1.0.1"
  resolved "https://registry.yarnpkg.com/path-is-absolute/-/path-is-absolute-1.0.1.tgz#174b9268735534ffbc7ace6bf53a5a9e1b5c5f5f"
  integrity sha1-F0uSaHNVNP+8es5r9TpanhtcX18=

prop-types@^15.6.2:
  version "15.7.2"
  resolved "https://registry.yarnpkg.com/prop-types/-/prop-types-15.7.2.tgz#52c41e75b8c87e72b9d9360e0206b99dcbffa6c5"
  integrity sha512-8QQikdH7//R2vurIJSutZ1smHYTcLpRWEOlHnzcWHmBYrOGUysKwSsrC89BCiFj3CbrfJ/nXFdJepOVrY1GCHQ==
  dependencies:
    loose-envify "^1.4.0"
    object-assign "^4.1.1"
    react-is "^16.8.1"

react-is@^16.8.1:
  version "16.13.1"
  resolved "https://registry.yarnpkg.com/react-is/-/react-is-16.13.1.tgz#789729a4dc36de2999dc156dd6c1d9c18cea56a4"
  integrity sha512-24e6ynE2H+OKt4kqsOvNd8kBpV65zoxbA4BVsEOB3ARVWQki/DHzaUoC5KuON/BiccDaCCTZBuOcfZs70kR8bQ==

react@^16.13.1:
  version "16.13.1"
  resolved "https://registry.yarnpkg.com/react/-/react-16.13.1.tgz#2e818822f1a9743122c063d6410d85c1e3afe48e"
  integrity sha512-YMZQQq32xHLX0bz5Mnibv1/LHb3Sqzngu7xstSM+vrkE5Kzr9xE0yMByK5kMoTK30YVJE61WfbxIFFvfeDKT1w==
  dependencies:
    loose-envify "^1.1.0"
    object-assign "^4.1.1"
    prop-types "^15.6.2"

"taffydb@git+https://github.com/hegemonic/taffydb.git":
  version "2.6.2"
  resolved "git+https://github.com/hegemonic/taffydb.git#e41b5e179e197bb85c5fb887b707672b1e5ca079"

tsdoc@^0.0.4:
  version "0.0.4"
  resolved "https://registry.yarnpkg.com/tsdoc/-/tsdoc-0.0.4.tgz#fb19a2c6a8ee61d55fad08d681045719ef42bec3"
  integrity sha1-+xmixqjuYdVfrQjWgQRXGe9CvsM=
  dependencies:
    jsdoc "3.2.0"
    optimist "0.6.0"

underscore@1.4.2:
  version "1.4.2"
  resolved "https://registry.yarnpkg.com/underscore/-/underscore-1.4.2.tgz#cb2aae6a7999a89fd55aaee75bce0311698cebfb"
  integrity sha1-yyquanmZqJ/VWq7nW84DEWmM6/s=

wordwrap@~0.0.2:
  version "0.0.3"
  resolved "https://registry.yarnpkg.com/wordwrap/-/wordwrap-0.0.3.tgz#a3d5da6cd5c0bc0008d37234bbaf1bed63059107"
  integrity sha1-o9XabNXAvAAI03I0u68b7WMFkQc=

wrappy@1:
  version "1.0.2"
  resolved "https://registry.yarnpkg.com/wrappy/-/wrappy-1.0.2.tgz#b5243d8f3ec1aa35f1364605bc0d1036e30ab69f"
  integrity sha1-tSQ9jz7BqjXxNkYFvA0QNuMKtp8=

wrench@1.3.9:
  version "1.3.9"
  resolved "https://registry.yarnpkg.com/wrench/-/wrench-1.3.9.tgz#6f13ec35145317eb292ca5f6531391b244111411"
  integrity sha1-bxPsNRRTF+spLKX2UxORskQRFBE=
